
Microsoft Visual Studio Solution File, Format Version 12.00
# Visual Studio Version 17
VisualStudioVersion = 17.14.36327.8 d17.14
MinimumVisualStudioVersion = 10.0.40219.1
Project("{FAE04EC0-301F-11D3-BF4B-00C04F79EFBC}") = "BlazorE-CommerceApp", "BlazorE-CommerceApp\BlazorE-CommerceApp.csproj", "{CAA7F2F4-F8FB-4F2A-91FE-4EE0318CC42D}"
EndProject
Global
	GlobalSection(SolutionConfigurationPlatforms) = preSolution
		Debug|Any CPU = Debug|Any CPU
		Release|Any CPU = Release|Any CPU
	EndGlobalSection
	GlobalSection(ProjectConfigurationPlatforms) = postSolution
		{CAA7F2F4-F8FB-4F2A-91FE-4EE0318CC42D}.Debug|Any CPU.ActiveCfg = Debug|Any CPU
		{CAA7F2F4-F8FB-4F2A-91FE-4EE0318CC42D}.Debug|Any CPU.Build.0 = Debug|Any CPU
		{CAA7F2F4-F8FB-4F2A-91FE-4EE0318CC42D}.Release|Any CPU.ActiveCfg = Release|Any CPU
		{CAA7F2F4-F8FB-4F2A-91FE-4EE0318CC42D}.Release|Any CPU.Build.0 = Release|Any CPU
	EndGlobalSection
	GlobalSection(SolutionProperties) = preSolution
		HideSolutionNode = FALSE
	EndGlobalSection
	GlobalSection(ExtensibilityGlobals) = postSolution
		SolutionGuid = {0F844C72-5F25-4E45-A10B-B9274B1E2E6E}
	EndGlobalSection
EndGlobal
